
Microsoft Visual Studio Solution File, Format Version 12.00
# Visual Studio 15
VisualStudioVersion = 15.0.26730.8
MinimumVisualStudioVersion = 10.0.40219.1
Project("{2150E333-8FDC-42A3-9474-1A3956D46DE8}") = "Solution Items", "Solution Items", "{7EC8B8BD-56CD-43D9-AE12-AB62B7554E23}"
	ProjectSection(SolutionItems) = preProject
		..\.gitattributes = ..\.gitattributes
		..\.gitignore = ..\.gitignore
		TMCS-API\API Manual.json = TMCS-API\API Manual.json
		..\LICENSE = ..\LICENSE
		..\README.md = ..\README.md
		流程.txt = 流程.txt
	EndProjectSection
EndProject
Project("{E24C65DC-7377-472B-9ABA-BC803B73C61A}") = "TMCS-API", "TMCS-API\", "{B2F6AB23-F42D-4F4A-AC98-187CBD5E2164}"
	ProjectSection(WebsiteProperties) = preProject
		TargetFrameworkMoniker = ".NETFramework,Version%3Dv4.0"
		Debug.AspNetCompiler.VirtualPath = "/localhost_2771"
		Debug.AspNetCompiler.PhysicalPath = "TMCS-API\"
		Debug.AspNetCompiler.TargetPath = "PrecompiledWeb\localhost_2771\"
		Debug.AspNetCompiler.Updateable = "true"
		Debug.AspNetCompiler.ForceOverwrite = "true"
		Debug.AspNetCompiler.FixedNames = "false"
		Debug.AspNetCompiler.Debug = "True"
		Release.AspNetCompiler.VirtualPath = "/localhost_2771"
		Release.AspNetCompiler.PhysicalPath = "TMCS-API\"
		Release.AspNetCompiler.TargetPath = "PrecompiledWeb\localhost_2771\"
		Release.AspNetCompiler.Updateable = "true"
		Release.AspNetCompiler.ForceOverwrite = "true"
		Release.AspNetCompiler.FixedNames = "false"
		Release.AspNetCompiler.Debug = "False"
		VWDPort = "2771"
		SlnRelativePath = "TMCS-API\"
	EndProjectSection
EndProject
Project("{9A19103F-16F7-4668-BE54-9A1E7A4F7556}") = "TMCS-Server", "TMCS-Server\TMCS-Server.csproj", "{50F82025-14C8-4D0F-8924-7384D05C2FEA}"
EndProject
Project("{FAE04EC0-301F-11D3-BF4B-00C04F79EFBC}") = "TMCS-Test", "TMCS-Test\TMCS-Test.csproj", "{339D2783-0C8A-4607-B0CA-CBD417819621}"
EndProject
Global
	GlobalSection(SolutionConfigurationPlatforms) = preSolution
		Debug|Any CPU = Debug|Any CPU
		Release|Any CPU = Release|Any CPU
	EndGlobalSection
	GlobalSection(ProjectConfigurationPlatforms) = postSolution
		{B2F6AB23-F42D-4F4A-AC98-187CBD5E2164}.Debug|Any CPU.ActiveCfg = Debug|Any CPU
		{B2F6AB23-F42D-4F4A-AC98-187CBD5E2164}.Debug|Any CPU.Build.0 = Debug|Any CPU
		{B2F6AB23-F42D-4F4A-AC98-187CBD5E2164}.Release|Any CPU.ActiveCfg = Debug|Any CPU
		{B2F6AB23-F42D-4F4A-AC98-187CBD5E2164}.Release|Any CPU.Build.0 = Debug|Any CPU
		{50F82025-14C8-4D0F-8924-7384D05C2FEA}.Debug|Any CPU.ActiveCfg = Debug|Any CPU
		{50F82025-14C8-4D0F-8924-7384D05C2FEA}.Debug|Any CPU.Build.0 = Debug|Any CPU
		{50F82025-14C8-4D0F-8924-7384D05C2FEA}.Release|Any CPU.ActiveCfg = Release|Any CPU
		{50F82025-14C8-4D0F-8924-7384D05C2FEA}.Release|Any CPU.Build.0 = Release|Any CPU
		{339D2783-0C8A-4607-B0CA-CBD417819621}.Debug|Any CPU.ActiveCfg = Debug|Any CPU
		{339D2783-0C8A-4607-B0CA-CBD417819621}.Debug|Any CPU.Build.0 = Debug|Any CPU
		{339D2783-0C8A-4607-B0CA-CBD417819621}.Release|Any CPU.ActiveCfg = Release|Any CPU
		{339D2783-0C8A-4607-B0CA-CBD417819621}.Release|Any CPU.Build.0 = Release|Any CPU
	EndGlobalSection
	GlobalSection(SolutionProperties) = preSolution
		HideSolutionNode = FALSE
	EndGlobalSection
	GlobalSection(ExtensibilityGlobals) = postSolution
		SolutionGuid = {4201ADA4-F961-4D15-A0B2-1FAE4063C575}
	EndGlobalSection
EndGlobal
